
Microsoft Visual Studio Solution File, Format Version 12.00
# Visual Studio 14
VisualStudioVersion = 14.0.25420.1
MinimumVisualStudioVersion = 10.0.40219.1
Project("{F14B399A-7131-4C87-9E4B-1186C45EF12D}") = "NextGen", "NextGen\NextGen.rptproj", "{1F85A963-3318-4E39-B9FE-47B6A750884F}"
EndProject
Global
	GlobalSection(SolutionConfigurationPlatforms) = preSolution
		Debug|Default = Debug|Default
		DebugLocal|Default = DebugLocal|Default
		Release|Default = Release|Default
		Test|Default = Test|Default
	EndGlobalSection
	GlobalSection(ProjectConfigurationPlatforms) = postSolution
		{1F85A963-3318-4E39-B9FE-47B6A750884F}.Debug|Default.ActiveCfg = Debug
		{1F85A963-3318-4E39-B9FE-47B6A750884F}.Debug|Default.Build.0 = Debug
		{1F85A963-3318-4E39-B9FE-47B6A750884F}.Debug|Default.Deploy.0 = Debug
		{1F85A963-3318-4E39-B9FE-47B6A750884F}.DebugLocal|Default.ActiveCfg = DebugLocal
		{1F85A963-3318-4E39-B9FE-47B6A750884F}.DebugLocal|Default.Build.0 = DebugLocal
		{1F85A963-3318-4E39-B9FE-47B6A750884F}.Release|Default.ActiveCfg = Release
		{1F85A963-3318-4E39-B9FE-47B6A750884F}.Release|Default.Build.0 = Release
		{1F85A963-3318-4E39-B9FE-47B6A750884F}.Release|Default.Deploy.0 = Release
		{1F85A963-3318-4E39-B9FE-47B6A750884F}.Test|Default.ActiveCfg = Test
		{1F85A963-3318-4E39-B9FE-47B6A750884F}.Test|Default.Build.0 = Test
		{1F85A963-3318-4E39-B9FE-47B6A750884F}.Test|Default.Deploy.0 = Test
	EndGlobalSection
	GlobalSection(SolutionProperties) = preSolution
		HideSolutionNode = FALSE
	EndGlobalSection
EndGlobal
